
Microsoft Visual Studio Solution File, Format Version 12.00
# Visual Studio Version 17
VisualStudioVersion = 17.0.31903.59
MinimumVisualStudioVersion = 10.0.40219.1
Project("{FAE04EC0-301F-11D3-BF4B-00C04F79EFBC}") = "TrackerApp.Tests", "TrackerApp.Tests\TrackerApp.Tests.csproj", "{428456D6-D751-48B2-A9AD-44AC4D28226A}"
EndProject
Project("{FAE04EC0-301F-11D3-BF4B-00C04F79EFBC}") = "TrackerApp", "TrackerApp\TrackerApp.csproj", "{0C4D10F5-4D61-4B91-8C55-EFC9F40DA4A3}"
EndProject
Global
	GlobalSection(SolutionConfigurationPlatforms) = preSolution
		Debug|Any CPU = Debug|Any CPU
		Release|Any CPU = Release|Any CPU
	EndGlobalSection
	GlobalSection(SolutionProperties) = preSolution
		HideSolutionNode = FALSE
	EndGlobalSection
	GlobalSection(ProjectConfigurationPlatforms) = postSolution
		{428456D6-D751-48B2-A9AD-44AC4D28226A}.Debug|Any CPU.ActiveCfg = Debug|Any CPU
		{428456D6-D751-48B2-A9AD-44AC4D28226A}.Debug|Any CPU.Build.0 = Debug|Any CPU
		{428456D6-D751-48B2-A9AD-44AC4D28226A}.Release|Any CPU.ActiveCfg = Release|Any CPU
		{428456D6-D751-48B2-A9AD-44AC4D28226A}.Release|Any CPU.Build.0 = Release|Any CPU
		{0C4D10F5-4D61-4B91-8C55-EFC9F40DA4A3}.Debug|Any CPU.ActiveCfg = Debug|Any CPU
		{0C4D10F5-4D61-4B91-8C55-EFC9F40DA4A3}.Debug|Any CPU.Build.0 = Debug|Any CPU
		{0C4D10F5-4D61-4B91-8C55-EFC9F40DA4A3}.Release|Any CPU.ActiveCfg = Release|Any CPU
		{0C4D10F5-4D61-4B91-8C55-EFC9F40DA4A3}.Release|Any CPU.Build.0 = Release|Any CPU
	EndGlobalSection
EndGlobal
